
Microsoft Visual Studio Solution File, Format Version 12.00
# Visual Studio Version 16
VisualStudioVersion = 16.0.30709.132
MinimumVisualStudioVersion = 10.0.40219.1
Project("{FAE04EC0-301F-11D3-BF4B-00C04F79EFBC}") = "SampleBlazorApp", "SampleBlazorApp\SampleBlazorApp.csproj", "{473D9265-0B71-4A7E-AD35-D32CB4B7A3E4}"
EndProject
Global
	GlobalSection(SolutionConfigurationPlatforms) = preSolution
		Debug|Any CPU = Debug|Any CPU
		Release|Any CPU = Release|Any CPU
	EndGlobalSection
	GlobalSection(ProjectConfigurationPlatforms) = postSolution
		{473D9265-0B71-4A7E-AD35-D32CB4B7A3E4}.Debug|Any CPU.ActiveCfg = Debug|Any CPU
		{473D9265-0B71-4A7E-AD35-D32CB4B7A3E4}.Debug|Any CPU.Build.0 = Debug|Any CPU
		{473D9265-0B71-4A7E-AD35-D32CB4B7A3E4}.Release|Any CPU.ActiveCfg = Release|Any CPU
		{473D9265-0B71-4A7E-AD35-D32CB4B7A3E4}.Release|Any CPU.Build.0 = Release|Any CPU
	EndGlobalSection
	GlobalSection(SolutionProperties) = preSolution
		HideSolutionNode = FALSE
	EndGlobalSection
	GlobalSection(ExtensibilityGlobals) = postSolution
		SolutionGuid = {9B9DD728-9B67-4558-8530-718EF808C668}
	EndGlobalSection
EndGlobal
